
Microsoft Visual Studio Solution File, Format Version 11.00
# Visual C# Express 2010
Project("{FAE04EC0-301F-11D3-BF4B-00C04F79EFBC}") = "OpenRest", "OpenRest.csproj", "{6F3A9BD9-CB17-46CC-A3E8-D1F85FCBC1AE}"
EndProject
Global
	GlobalSection(SolutionConfigurationPlatforms) = preSolution
		Debug|x86 = Debug|x86
		Release|x86 = Release|x86
	EndGlobalSection
	GlobalSection(ProjectConfigurationPlatforms) = postSolution
		{6F3A9BD9-CB17-46CC-A3E8-D1F85FCBC1AE}.Debug|x86.ActiveCfg = Debug|x86
		{6F3A9BD9-CB17-46CC-A3E8-D1F85FCBC1AE}.Debug|x86.Build.0 = Debug|x86
		{6F3A9BD9-CB17-46CC-A3E8-D1F85FCBC1AE}.Release|x86.ActiveCfg = Release|x86
		{6F3A9BD9-CB17-46CC-A3E8-D1F85FCBC1AE}.Release|x86.Build.0 = Release|x86
	EndGlobalSection
	GlobalSection(SolutionProperties) = preSolution
		HideSolutionNode = FALSE
	EndGlobalSection
EndGlobal
